bitbucket.org/atlassian/go-asap v0.0.0-20190528201952-3e884c030d60 h1:0y3YsSUzPShY6OYd0ifDddnfD8z33g36ByIAIPHwfzA=
bitbucket.org/atlassian/go-asap v0.0.0-20190528201952-3e884c030d60/go.mod h1:trJ0VYCBGDAWSX6rLGkDbNUxwtqtRUq4/x2bXFd9lz8=
github.com/SermoDigital/jose v0.9.2-0.20161205224733-f6df55f235c2 h1:koK7z0nSsRiRiBWwa+E714Puh+DO+ZRdIyAXiXzL+lg=
github.com/SermoDigital/jose v0.9.2-0.20161205224733-f6df55f235c2/go.mod h1:ARgCUhI1MHQH+ONky/PAtmVHQrP5JlGY0F3poXOp/fA=
github.com/asecurityteam/component-connstate v0.1.0 h1:S+lGjbziF/RHo+l/gswhpM3KqYb+uauviLh44gqQy8k=
github.com/asecurityteam/component-connstate v0.1.0/go.mod h1:VdNqIIK+CHbWbDv4COoyjAwkP3u4IoP5NVCQFBsyTSU=
github.com/asecurityteam/component-expvar v0.1.0 h1:AUOE/O1r5gYH/R3r0upG7juaZ+MrtKlb5KEocutodlQ=
github.com/asecurityteam/component-expvar v0.1.0/go.mod h1:M8TDepPm3bXMZ8QcpnlBCBcETSl7hsLnZ+UHsx7H6rQ=
github.com/asecurityteam/component-httpclient v0.2.0 h1:eyJfnF0CFckP+XfVLQ7A8M6dCOmM7G3/TcygH6q6tZE=
github.com/asecurityteam/component-httpclient v0.2.0/go.mod h1:9eGX2jZH6xZetUErDa5V6TCBkAkMPT/7QpWgfALrgGE=
github.com/asecurityteam/component-log v0.1.0 h1:jyktrvq0kMfbwUsMA6GGj9jgmkkGIciC8UQnrr0GkG0=
github.com/asecurityteam/component-log v0.1.0/go.mod h1:IkUEj6i4ZFtneNAuVV7Vne8GoMA3c6wrWbao/zJyF1s=
github.com/asecurityteam/component-signals v0.1.0 h1:aB/RxnOJmpqv4VYBGN0O1z4Ygul9BoqaF8BZ7Oj07Mg=
github.com/asecurityteam/component-signals v0.1.0/go.mod h1:WfBa3Yc5TSqqhDB4aaifDIGx33EGhKuKzhYlKe/aeMk=
github.com/asecurityteam/component-stat v0.1.0 h1:XTrPmQOyvs7iK5iW1ll6W5Eh7ZKDnZnrHtljYq1YAh8=
github.com/asecurityteam/component-stat v0.1.0/go.mod h1:OiwAVfs+FntaUimVzyjfzNf4oiKZxM6L73zfTVqfvdo=
github.com/asecurityteam/httpstats v0.0.0-20190225132931-c2085dfd2a77 h1:jFeWfsi7crXrwEyhsSxyC5fyPUebliK+U+osz32ktr0=
github.com/asecurityteam/httpstats v0.0.0-20190225132931-c2085dfd2a77/go.mod h1:YWoaRFEA0yLmRlvDZO5tWrEeI2Bu0lXHEY26Fm5bHDs=
github.com/asecurityteam/logevent v0.0.0-20190225122144-b32737d8d51c h1:v630DsE4nvEfDCdi7OJhoHyNTPwuBplkTfGdv9WogbE=
github.com/asecurityteam/logevent v0.0.0-20190225122144-b32737d8d51c/go.mod h1:B8p/D2QVPuRA9tiDTByVrXegCsrfy8bWEgnAka23EO0=
github.com/asecurityteam/runhttp v0.0.0-20190611212819-e67777b27ba7/go.mod h1:13Zb/7m5FQVu1gHjt+YDse6aqfJ5LuC79u8xjM64jrI=
github.com/asecurityteam/runhttp v0.2.0 h1:guvLZ5cGR2g+XKUuyTGf7e2Myx/F3TbQITUHXsXP+9M=
github.com/asecurityteam/runhttp v0.2.0/go.mod h1:13Zb/7m5FQVu1gHjt+YDse6aqfJ5LuC79u8xjM64jrI=
github.com/asecurityteam/serverfull v0.4.0 h1:7PPrzjpS2h8hZvt572BhKyAnqETrtqfWSAsWAdA8q9c=
github.com/asecurityteam/serverfull v0.4.0/go.mod h1:PHStbkLUDG0ndv/B97RtPZOKhjB14vY1S4zsl2e4+lw=
github.com/asecurityteam/settings v0.1.0 h1:W5CA/x0gby2Ilo6zV0GQVqgDdMX7AvcH8lMbrS718Io=
github.com/asecurityteam/settings v0.1.0/go.mod h1:Wb6bajm1AgHtjLP8ecv7RqUTCX1hvrIhgX4sF3Ras8c=
github.com/asecurityteam/transport v0.0.0-20190225122138-b848ebf618ee h1:pcVkgdO6BYvnOX/mJLDogdPnMq0XaEpJLtsOhHUiZKA=
github.com/asecurityteam/transport v0.0.0-20190225122138-b848ebf618ee/go.mod h1:0OVTikRn0uMRQsFsslN4ozUaD5YaRPUpqHTBzTsOtaM=
github.com/asecurityteam/transportd v0.3.0 h1:ReWFek++o2L9iYESsZxV8V9SdvHD8z+io5xN5skEJKE=
github.com/asecurityteam/transportd v0.3.0/go.mod h1:4X8x+TzBC+9/ct4jEwbfl9QaAArLnEkfmjV6DT9l9kw=
github.com/aws/aws-lambda-go v1.11.1 h1:wuOnhS5aqzPOWns71FO35PtbtBKHr4MYsPVt5qXLSfI=
github.com/aws/aws-lambda-go v1.11.1/go.mod h1:Rr2SMTLeSMKgD45uep9V/NP8tnbCcySgu04cx0k/6cw=
github.com/coreos/go-systemd v0.0.0-20190321100706-95778dfbb74e/go.mod h1:F5haX7vjVVG0kc13fIWeqUViNPyEJxv/OmvnBo0Yme4=
github.com/davecgh/go-spew v1.1.0/go.mod h1:J7Y8YcW2NihsgmVo/mv3lAwl/skON4iLHjSsI+c5H38=
github.com/davecgh/go-spew v1.1.1 h1:vj9j/u1bqnvCEfJOwUhtlOARqs3+rkHYY13jYWTU97c=
github.com/davecgh/go-spew v1.1.1/go.mod h1:J7Y8YcW2NihsgmVo/mv3lAwl/skON4iLHjSsI+c5H38=
github.com/fatih/structs v1.1.0 h1:Q7juDM0QtcnhCpeyLGQKyg4TOIghuNXrkL32pHAUMxo=
github.com/fatih/structs v1.1.0/go.mod h1:9NiDSp5zOcgEDl+j00MP/WkGVPOlPRLejGD8Ga6PJ7M=
github.com/getkin/kin-openapi v0.0.0-20190606143930-b820876da6b5 h1:UqDqu4l83wsB4/phPFKEEWkkR1+d+guSRGI8dT2sIhY=
github.com/getkin/kin-openapi v0.0.0-20190606143930-b820876da6b5/go.mod h1:V1z9xl9oF5Wt7v32ne4FmiF1alpS4dM6mNzoywPOXlk=
github.com/ghodss/yaml v1.0.0 h1:wQHKEahhL6wmXdzwWG11gIVCkOv05bNOh+Rxn0yngAk=
github.com/ghodss/yaml v1.0.0/go.mod h1:4dBDuWmgqj2HViK6kFavaiC9ZROes6MMH2rRYeMEF04=
github.com/go-chi/chi v3.3.4+incompatible h1:X+OApYAmoQS6jr1WoUgW+t5Ry5RYGXq2A//WAL5xdAU=
github.com/go-chi/chi v3.3.4+incompatible/go.mod h1:eB3wogJHnLi3x/kFX2A+IbTBlXxmMeXJVKy9tTv1XzQ=
github.com/go-yaml/yaml v2.1.0+incompatible h1:RYi2hDdss1u4YE7GwixGzWwVo47T8UQwnTLB6vQiq+o=
github.com/go-yaml/yaml v2.1.0+incompatible/go.mod h1:w2MrLa16VYP0jy6N7M5kHaCkaLENm+P+Tv+MfurjSw0=
github.com/golang/mock v0.0.0-20190508161146-9fa652df1129 h1:eDp2NN315lG5ILa4Oq1UgXZftynfJTZgxZNiejJdJLM=
github.com/golang/mock v0.0.0-20190508161146-9fa652df1129/go.mod h1:sBzyDLLjw3U8JLTeZvSv8jJB+tU5PVekmnlKIyFUx0Y=
github.com/google/uuid v1.1.1 h1:Gkbcsh/GbpXz7lPftLA3P6TYMwjCLYm83jiFQZF/3gY=
github.com/google/uuid v1.1.1/go.mod h1:TIyPZe4MgqvfeYDBFedMoGGpEw/LqOeaOT+nhxU+yHo=
github.com/kr/pretty v0.1.0/go.mod h1:dAy3ld7l9f0ibDNOQOHHMYYIIbhfbHSm3C4ZsoJORNo=
github.com/kr/pty v1.1.1/go.mod h1:pFQYn66WHrOpPYNljwOMqo10TkYh1fy3cYio2l3bCsQ=
github.com/kr/text v0.1.0/go.mod h1:4Jbv+DJW3UT/LiOwJeYQe1efqtUx/iVham/4vfdArNI=
github.com/pkg/errors v0.8.1 h1:iURUrRGxPUNPdy5/HRSm+Yj6okJ6UtLINN0Q9M4+h3I=
github.com/pkg/errors v0.8.1/go.mod h1:bwawxfHBFNV+L2hUp1rHADufV3IMtnDRdf1r5NINEl0=
github.com/pmezard/go-difflib v1.0.0 h1:4DBwDE0NGyQoBHbLQYPwSUPoCMWR5BEzIk/f1lZbAQM=
github.com/pmezard/go-difflib v1.0.0/go.mod h1:iKH77koFhYxTK1pcRnkKkqfTogsbg7gZNVY4sRDYZ/4=
github.com/rs/xhandler v0.0.0-20151224012956-d9d9599b6aaf h1:Df4QtDSQdFg5jenZonLrGr7iREOI/YAwYp18P7xjwPk=
github.com/rs/xhandler v0.0.0-20151224012956-d9d9599b6aaf/go.mod h1:RvLn4FgxWubrpZHtQLnOf6EwhN2hEMusxZOhcW9H3UQ=
github.com/rs/xid v1.2.1/go.mod h1:+uKXf+4Djp6Md1KODXJxgGQPKngRmWyn10oCKFzNHOQ=
github.com/rs/xstats v0.0.0-20170813190920-c67367528e16 h1:m0aigb++JZXs+tzTO60LOOKSOXWyr7scDxlaSvU6HN8=
github.com/rs/xstats v0.0.0-20170813190920-c67367528e16/go.mod h1:5Cg6M3g+Dp4RSFNYBtjJxxjksZc00LbESra5Sz6fGSU=
github.com/rs/zerolog v1.14.3 h1:4EGfSkR2hJDB0s3oFfrlPqjU1e4WLncergLil3nEKW0=
github.com/rs/zerolog v1.14.3/go.mod h1:3WXPzbXEEliJ+a6UFE4vhIxV8qR1EML6ngzP9ug4eYg=
github.com/satori/go.uuid v1.2.0/go.mod h1:dA0hQrYB0VpLJoorglMZABFdXlWrHn1NEOzdhQKdks0=
github.com/spf13/cast v1.3.0 h1:oget//CVOEoFewqQxwr0Ej5yjygnqGkvggSE/gB35Q8=
github.com/spf13/cast v1.3.0/go.mod h1:Qx5cxh0v+4UWYiBimWS+eyWzqEqokIECu5etghLkUJE=
github.com/stretchr/objx v0.1.0/go.mod h1:HFkY916IF+rwdDfMAkV7OtwuqBVzrE8GR6GFx+wExME=
github.com/stretchr/testify v1.2.1/go.mod h1:a8OnRcib4nhh0OaRAV+Yts87kKdq0PP7pXfy6kDkUVs=
github.com/stretchr/testify v1.2.2/go.mod h1:a8OnRcib4nhh0OaRAV+Yts87kKdq0PP7pXfy6kDkUVs=
github.com/stretchr/testify v1.3.0 h1:TivCn/peBQ7UY8ooIcPgZFpTNSz0Q2U6UrFlUfqbe0Q=
github.com/stretchr/testify v1.3.0/go.mod h1:M5WIy9Dh21IEIfnGCwXGc5bZfKNJtfHm1UVUgZn+9EI=
github.com/vincent-petithory/dataurl v0.0.0-20160330182126-9a301d65acbb h1:lyL3z7vYwTWXf4/bI+A01+cCSnfhKIBhy+SQ46Z/ml8=
github.com/vincent-petithory/dataurl v0.0.0-20160330182126-9a301d65acbb/go.mod h1:FHafX5vmDzyP+1CQATJn7WFKc9CvnvxyvZy6I1MrG/U=
github.com/zenazn/goji v0.9.0/go.mod h1:7S9M489iMyHBNxwZnk9/EHS098H4/F6TATF2mIxtB1Q=
golang.org/x/crypto v0.0.0-20190308221718-c2843e01d9a2/go.mod h1:djNgcEr1/C05ACkg1iLfiJU5Ep61QUkGW8qpdssI0+w=
golang.org/x/net v0.0.0-20190311183353-d8887717615a/go.mod h1:t9HGtf8HONx5eT2rtn7q6eTqICYqUVnKs3thJo3Qplg=
golang.org/x/net v0.0.0-20190613194153-d28f0bde5980/go.mod h1:z5CRVTTTmAJ677TzLLGU+0bjPO0LkuOLi4/5GtJWs/s=
golang.org/x/net v0.0.0-20190628185345-da137c7871d7 h1:rTIdg5QFRR7XCaK4LCjBiPbx8j4DQRpdYMnGn/bJUEU=
golang.org/x/net v0.0.0-20190628185345-da137c7871d7/go.mod h1:z5CRVTTTmAJ677TzLLGU+0bjPO0LkuOLi4/5GtJWs/s=
golang.org/x/sync v0.0.0-20190423024810-112230192c58/go.mod h1:RxMgew5VJxzue5/jJTE5uejpjVlOe/izrB70Jof72aM=
golang.org/x/sys v0.0.0-20190215142949-d0b11bdaac8a/go.mod h1:STP8DvDyc/dI5b8T5hshtkjS+E42TnysNCUPdjciGhY=
golang.org/x/text v0.3.0/go.mod h1:NqM8EUOU14njkJ3fqMW+pc6Ldnwhi/IjpwHt7yyuwOQ=
golang.org/x/tools v0.0.0-20190425150028-36563e24a262/go.mod h1:RgjU9mgBXZiqYHBnxXauZ1Gv1EHHAz9KjViQ78xBX0Q=
golang.org/x/tools v0.0.0-20190425163242-31fd60d6bfdc/go.mod h1:RgjU9mgBXZiqYHBnxXauZ1Gv1EHHAz9KjViQ78xBX0Q=
gopkg.in/check.v1 v0.0.0-20161208181325-20d25e280405/go.mod h1:Co6ibVJAznAaIkqp8huTwlJQCZ016jof/cbN4VW5Yz0=
gopkg.in/check.v1 v1.0.0-20180628173108-788fd7840127/go.mod h1:Co6ibVJAznAaIkqp8huTwlJQCZ016jof/cbN4VW5Yz0=
gopkg.in/urfave/cli.v1 v1.20.0/go.mod h1:vuBzUtMdQeixQj8LVd+/98pzhxNGQoyuPBlsXHOQNO0=
gopkg.in/yaml.v2 v2.2.2 h1:ZCJp+EgiOT7lHqUV2J862kp8Qj64Jo6az82+3Td9dZw=
gopkg.in/yaml.v2 v2.2.2/go.mod h1:hI93XBmqTisBFMUTm0b8Fm+jr3Dg1NNxqwp+5A1VGuI=
